
Microsoft Visual Studio Solution File, Format Version 12.00
# Visual Studio Version 17
VisualStudioVersion = 17.0.31903.59
MinimumVisualStudioVersion = 10.0.40219.1
Project("{2150E333-8FDC-42A3-9474-1A3956D46DE8}") = "src", "src", "{827E0CD3-B72D-47B6-A68D-7590B98EB39B}"
EndProject
Project("{FAE04EC0-301F-11D3-BF4B-00C04F79EFBC}") = "WatchListScreening.Domain", "src\WatchListScreening.Domain\WatchListScreening.Domain.csproj", "{26B50954-3CDC-4905-8CF3-8C7EAA1F66CA}"
EndProject
Project("{FAE04EC0-301F-11D3-BF4B-00C04F79EFBC}") = "WatchListScreening.Application", "src\WatchListScreening.Application\WatchListScreening.Application.csproj", "{CC371C1E-65B7-4815-9DE0-7DFCC1464F52}"
EndProject
Project("{FAE04EC0-301F-11D3-BF4B-00C04F79EFBC}") = "WatchListScreening.Infrastructure", "src\WatchListScreening.Infrastructure\WatchListScreening.Infrastructure.csproj", "{A86886C8-4384-46E7-9FE5-8308A8011752}"
EndProject
Project("{FAE04EC0-301F-11D3-BF4B-00C04F79EFBC}") = "WatchListScreening.API", "src\WatchListScreening.API\WatchListScreening.API.csproj", "{FE236FD9-A939-4BB8-809E-3553A92D04CE}"
EndProject
Project("{FAE04EC0-301F-11D3-BF4B-00C04F79EFBC}") = "WatchListScreening.Web", "src\WatchListScreening.Web\WatchListScreening.Web.csproj", "{1CD1A046-487E-458C-BA06-6196B90543B9}"
EndProject
Global
	GlobalSection(SolutionConfigurationPlatforms) = preSolution
		Debug|Any CPU = Debug|Any CPU
		Debug|x64 = Debug|x64
		Debug|x86 = Debug|x86
		Release|Any CPU = Release|Any CPU
		Release|x64 = Release|x64
		Release|x86 = Release|x86
	EndGlobalSection
	GlobalSection(ProjectConfigurationPlatforms) = postSolution
		{26B50954-3CDC-4905-8CF3-8C7EAA1F66CA}.Debug|Any CPU.ActiveCfg = Debug|Any CPU
		{26B50954-3CDC-4905-8CF3-8C7EAA1F66CA}.Debug|Any CPU.Build.0 = Debug|Any CPU
		{26B50954-3CDC-4905-8CF3-8C7EAA1F66CA}.Debug|x64.ActiveCfg = Debug|Any CPU
		{26B50954-3CDC-4905-8CF3-8C7EAA1F66CA}.Debug|x64.Build.0 = Debug|Any CPU
		{26B50954-3CDC-4905-8CF3-8C7EAA1F66CA}.Debug|x86.ActiveCfg = Debug|Any CPU
		{26B50954-3CDC-4905-8CF3-8C7EAA1F66CA}.Debug|x86.Build.0 = Debug|Any CPU
		{26B50954-3CDC-4905-8CF3-8C7EAA1F66CA}.Release|Any CPU.ActiveCfg = Release|Any CPU
		{26B50954-3CDC-4905-8CF3-8C7EAA1F66CA}.Release|Any CPU.Build.0 = Release|Any CPU
		{26B50954-3CDC-4905-8CF3-8C7EAA1F66CA}.Release|x64.ActiveCfg = Release|Any CPU
		{26B50954-3CDC-4905-8CF3-8C7EAA1F66CA}.Release|x64.Build.0 = Release|Any CPU
		{26B50954-3CDC-4905-8CF3-8C7EAA1F66CA}.Release|x86.ActiveCfg = Release|Any CPU
		{26B50954-3CDC-4905-8CF3-8C7EAA1F66CA}.Release|x86.Build.0 = Release|Any CPU
		{CC371C1E-65B7-4815-9DE0-7DFCC1464F52}.Debug|Any CPU.ActiveCfg = Debug|Any CPU
		{CC371C1E-65B7-4815-9DE0-7DFCC1464F52}.Debug|Any CPU.Build.0 = Debug|Any CPU
		{CC371C1E-65B7-4815-9DE0-7DFCC1464F52}.Debug|x64.ActiveCfg = Debug|Any CPU
		{CC371C1E-65B7-4815-9DE0-7DFCC1464F52}.Debug|x64.Build.0 = Debug|Any CPU
		{CC371C1E-65B7-4815-9DE0-7DFCC1464F52}.Debug|x86.ActiveCfg = Debug|Any CPU
		{CC371C1E-65B7-4815-9DE0-7DFCC1464F52}.Debug|x86.Build.0 = Debug|Any CPU
		{CC371C1E-65B7-4815-9DE0-7DFCC1464F52}.Release|Any CPU.ActiveCfg = Release|Any CPU
		{CC371C1E-65B7-4815-9DE0-7DFCC1464F52}.Release|Any CPU.Build.0 = Release|Any CPU
		{CC371C1E-65B7-4815-9DE0-7DFCC1464F52}.Release|x64.ActiveCfg = Release|Any CPU
		{CC371C1E-65B7-4815-9DE0-7DFCC1464F52}.Release|x64.Build.0 = Release|Any CPU
		{CC371C1E-65B7-4815-9DE0-7DFCC1464F52}.Release|x86.ActiveCfg = Release|Any CPU
		{CC371C1E-65B7-4815-9DE0-7DFCC1464F52}.Release|x86.Build.0 = Release|Any CPU
		{A86886C8-4384-46E7-9FE5-8308A8011752}.Debug|Any CPU.ActiveCfg = Debug|Any CPU
		{A86886C8-4384-46E7-9FE5-8308A8011752}.Debug|Any CPU.Build.0 = Debug|Any CPU
		{A86886C8-4384-46E7-9FE5-8308A8011752}.Debug|x64.ActiveCfg = Debug|Any CPU
		{A86886C8-4384-46E7-9FE5-8308A8011752}.Debug|x64.Build.0 = Debug|Any CPU
		{A86886C8-4384-46E7-9FE5-8308A8011752}.Debug|x86.ActiveCfg = Debug|Any CPU
		{A86886C8-4384-46E7-9FE5-8308A8011752}.Debug|x86.Build.0 = Debug|Any CPU
		{A86886C8-4384-46E7-9FE5-8308A8011752}.Release|Any CPU.ActiveCfg = Release|Any CPU
		{A86886C8-4384-46E7-9FE5-8308A8011752}.Release|Any CPU.Build.0 = Release|Any CPU
		{A86886C8-4384-46E7-9FE5-8308A8011752}.Release|x64.ActiveCfg = Release|Any CPU
		{A86886C8-4384-46E7-9FE5-8308A8011752}.Release|x64.Build.0 = Release|Any CPU
		{A86886C8-4384-46E7-9FE5-8308A8011752}.Release|x86.ActiveCfg = Release|Any CPU
		{A86886C8-4384-46E7-9FE5-8308A8011752}.Release|x86.Build.0 = Release|Any CPU
		{FE236FD9-A939-4BB8-809E-3553A92D04CE}.Debug|Any CPU.ActiveCfg = Debug|Any CPU
		{FE236FD9-A939-4BB8-809E-3553A92D04CE}.Debug|Any CPU.Build.0 = Debug|Any CPU
		{FE236FD9-A939-4BB8-809E-3553A92D04CE}.Debug|x64.ActiveCfg = Debug|Any CPU
		{FE236FD9-A939-4BB8-809E-3553A92D04CE}.Debug|x64.Build.0 = Debug|Any CPU
		{FE236FD9-A939-4BB8-809E-3553A92D04CE}.Debug|x86.ActiveCfg = Debug|Any CPU
		{FE236FD9-A939-4BB8-809E-3553A92D04CE}.Debug|x86.Build.0 = Debug|Any CPU
		{FE236FD9-A939-4BB8-809E-3553A92D04CE}.Release|Any CPU.ActiveCfg = Release|Any CPU
		{FE236FD9-A939-4BB8-809E-3553A92D04CE}.Release|Any CPU.Build.0 = Release|Any CPU
		{FE236FD9-A939-4BB8-809E-3553A92D04CE}.Release|x64.ActiveCfg = Release|Any CPU
		{FE236FD9-A939-4BB8-809E-3553A92D04CE}.Release|x64.Build.0 = Release|Any CPU
		{FE236FD9-A939-4BB8-809E-3553A92D04CE}.Release|x86.ActiveCfg = Release|Any CPU
		{FE236FD9-A939-4BB8-809E-3553A92D04CE}.Release|x86.Build.0 = Release|Any CPU
		{1CD1A046-487E-458C-BA06-6196B90543B9}.Debug|Any CPU.ActiveCfg = Debug|Any CPU
		{1CD1A046-487E-458C-BA06-6196B90543B9}.Debug|Any CPU.Build.0 = Debug|Any CPU
		{1CD1A046-487E-458C-BA06-6196B90543B9}.Debug|x64.ActiveCfg = Debug|Any CPU
		{1CD1A046-487E-458C-BA06-6196B90543B9}.Debug|x64.Build.0 = Debug|Any CPU
		{1CD1A046-487E-458C-BA06-6196B90543B9}.Debug|x86.ActiveCfg = Debug|Any CPU
		{1CD1A046-487E-458C-BA06-6196B90543B9}.Debug|x86.Build.0 = Debug|Any CPU
		{1CD1A046-487E-458C-BA06-6196B90543B9}.Release|Any CPU.ActiveCfg = Release|Any CPU
		{1CD1A046-487E-458C-BA06-6196B90543B9}.Release|Any CPU.Build.0 = Release|Any CPU
		{1CD1A046-487E-458C-BA06-6196B90543B9}.Release|x64.ActiveCfg = Release|Any CPU
		{1CD1A046-487E-458C-BA06-6196B90543B9}.Release|x64.Build.0 = Release|Any CPU
		{1CD1A046-487E-458C-BA06-6196B90543B9}.Release|x86.ActiveCfg = Release|Any CPU
		{1CD1A046-487E-458C-BA06-6196B90543B9}.Release|x86.Build.0 = Release|Any CPU
	EndGlobalSection
	GlobalSection(SolutionProperties) = preSolution
		HideSolutionNode = FALSE
	EndGlobalSection
	GlobalSection(NestedProjects) = preSolution
		{26B50954-3CDC-4905-8CF3-8C7EAA1F66CA} = {827E0CD3-B72D-47B6-A68D-7590B98EB39B}
		{CC371C1E-65B7-4815-9DE0-7DFCC1464F52} = {827E0CD3-B72D-47B6-A68D-7590B98EB39B}
		{A86886C8-4384-46E7-9FE5-8308A8011752} = {827E0CD3-B72D-47B6-A68D-7590B98EB39B}
		{FE236FD9-A939-4BB8-809E-3553A92D04CE} = {827E0CD3-B72D-47B6-A68D-7590B98EB39B}
		{1CD1A046-487E-458C-BA06-6196B90543B9} = {827E0CD3-B72D-47B6-A68D-7590B98EB39B}
	EndGlobalSection
EndGlobal
